
Microsoft Visual Studio Solution File, Format Version 12.00
# Visual Studio Version 17
VisualStudioVersion = 17.12.35527.113 d17.12
MinimumVisualStudioVersion = 10.0.40219.1
Project("{FAE04EC0-301F-11D3-BF4B-00C04F79EFBC}") = "LocalChess.Data", "LocalChess.Data\LocalChess.Data.csproj", "{4B63BDEC-44BD-46FD-AA47-653E07ED93BC}"
EndProject
Project("{FAE04EC0-301F-11D3-BF4B-00C04F79EFBC}") = "LocalChess.Server", "LocalChess.Server\LocalChess.Server.csproj", "{5FFCB335-59C6-45E8-968C-B02ACF01DF36}"
	ProjectSection(ProjectDependencies) = postProject
		{4B63BDEC-44BD-46FD-AA47-653E07ED93BC} = {4B63BDEC-44BD-46FD-AA47-653E07ED93BC}
		{F514BBA7-6744-47E1-BA27-45126A35C430} = {F514BBA7-6744-47E1-BA27-45126A35C430}
	EndProjectSection
EndProject
Project("{FAE04EC0-301F-11D3-BF4B-00C04F79EFBC}") = "LocalChess.Controll", "LocalChess.Controll\LocalChess.Controll.csproj", "{F514BBA7-6744-47E1-BA27-45126A35C430}"
EndProject
Project("{FAE04EC0-301F-11D3-BF4B-00C04F79EFBC}") = "LocalChess.Test", "LocalChess.Test\LocalChess.Test.csproj", "{8F7830C2-264F-4968-A13A-8CA68562F75F}"
EndProject
Project("{FAE04EC0-301F-11D3-BF4B-00C04F79EFBC}") = "LocalChess.View", "LocalChess.View\LocalChess.View.csproj", "{948493DC-9610-4E97-A668-F811E4B45DF4}"
EndProject
Global
	GlobalSection(SolutionConfigurationPlatforms) = preSolution
		Debug|Any CPU = Debug|Any CPU
		Release|Any CPU = Release|Any CPU
	EndGlobalSection
	GlobalSection(ProjectConfigurationPlatforms) = postSolution
		{4B63BDEC-44BD-46FD-AA47-653E07ED93BC}.Debug|Any CPU.ActiveCfg = Debug|Any CPU
		{4B63BDEC-44BD-46FD-AA47-653E07ED93BC}.Debug|Any CPU.Build.0 = Debug|Any CPU
		{4B63BDEC-44BD-46FD-AA47-653E07ED93BC}.Release|Any CPU.ActiveCfg = Release|Any CPU
		{4B63BDEC-44BD-46FD-AA47-653E07ED93BC}.Release|Any CPU.Build.0 = Release|Any CPU
		{5FFCB335-59C6-45E8-968C-B02ACF01DF36}.Debug|Any CPU.ActiveCfg = Debug|Any CPU
		{5FFCB335-59C6-45E8-968C-B02ACF01DF36}.Debug|Any CPU.Build.0 = Debug|Any CPU
		{5FFCB335-59C6-45E8-968C-B02ACF01DF36}.Release|Any CPU.ActiveCfg = Release|Any CPU
		{5FFCB335-59C6-45E8-968C-B02ACF01DF36}.Release|Any CPU.Build.0 = Release|Any CPU
		{F514BBA7-6744-47E1-BA27-45126A35C430}.Debug|Any CPU.ActiveCfg = Debug|Any CPU
		{F514BBA7-6744-47E1-BA27-45126A35C430}.Debug|Any CPU.Build.0 = Debug|Any CPU
		{F514BBA7-6744-47E1-BA27-45126A35C430}.Release|Any CPU.ActiveCfg = Release|Any CPU
		{F514BBA7-6744-47E1-BA27-45126A35C430}.Release|Any CPU.Build.0 = Release|Any CPU
		{8F7830C2-264F-4968-A13A-8CA68562F75F}.Debug|Any CPU.ActiveCfg = Debug|Any CPU
		{8F7830C2-264F-4968-A13A-8CA68562F75F}.Debug|Any CPU.Build.0 = Debug|Any CPU
		{8F7830C2-264F-4968-A13A-8CA68562F75F}.Release|Any CPU.ActiveCfg = Release|Any CPU
		{8F7830C2-264F-4968-A13A-8CA68562F75F}.Release|Any CPU.Build.0 = Release|Any CPU
		{948493DC-9610-4E97-A668-F811E4B45DF4}.Debug|Any CPU.ActiveCfg = Debug|Any CPU
		{948493DC-9610-4E97-A668-F811E4B45DF4}.Debug|Any CPU.Build.0 = Debug|Any CPU
		{948493DC-9610-4E97-A668-F811E4B45DF4}.Release|Any CPU.ActiveCfg = Release|Any CPU
		{948493DC-9610-4E97-A668-F811E4B45DF4}.Release|Any CPU.Build.0 = Release|Any CPU
	EndGlobalSection
	GlobalSection(SolutionProperties) = preSolution
		HideSolutionNode = FALSE
	EndGlobalSection
	GlobalSection(ExtensibilityGlobals) = postSolution
		SolutionGuid = {266191FE-DFE7-48E8-92FD-F8A523A92AF6}
	EndGlobalSection
EndGlobal
