
Microsoft Visual Studio Solution File, Format Version 12.00
# Visual Studio Version 18
VisualStudioVersion = 18.6.11819.183 stable
MinimumVisualStudioVersion = 10.0.40219.1
Project("{FAE04EC0-301F-11D3-BF4B-00C04F79EFBC}") = "LocalChess.View", "LocalChess\LocalChess.View.csproj", "{0C8BA99C-FF04-4EFD-A854-7F8BAAC3DAE9}"
	ProjectSection(ProjectDependencies) = postProject
		{F514BBA7-6744-47E1-BA27-45126A35C430} = {F514BBA7-6744-47E1-BA27-45126A35C430}
	EndProjectSection
EndProject
Project("{FAE04EC0-301F-11D3-BF4B-00C04F79EFBC}") = "LocalChess.Data", "LocalChess.Data\LocalChess.Data.csproj", "{4B63BDEC-44BD-46FD-AA47-653E07ED93BC}"
EndProject
Project("{FAE04EC0-301F-11D3-BF4B-00C04F79EFBC}") = "LocalChess.Server", "LocalChess.Server\LocalChess.Server.csproj", "{5FFCB335-59C6-45E8-968C-B02ACF01DF36}"
	ProjectSection(ProjectDependencies) = postProject
		{4B63BDEC-44BD-46FD-AA47-653E07ED93BC} = {4B63BDEC-44BD-46FD-AA47-653E07ED93BC}
		{F514BBA7-6744-47E1-BA27-45126A35C430} = {F514BBA7-6744-47E1-BA27-45126A35C430}
	EndProjectSection
EndProject
Project("{FAE04EC0-301F-11D3-BF4B-00C04F79EFBC}") = "LocalChess.Controll", "LocalChess.Controll\LocalChess.Controll.csproj", "{F514BBA7-6744-47E1-BA27-45126A35C430}"
EndProject
Global
	GlobalSection(SolutionConfigurationPlatforms) = preSolution
		Debug|Any CPU = Debug|Any CPU
		Release|Any CPU = Release|Any CPU
	EndGlobalSection
	GlobalSection(ProjectConfigurationPlatforms) = postSolution
		{0C8BA99C-FF04-4EFD-A854-7F8BAAC3DAE9}.Debug|Any CPU.ActiveCfg = Debug|Any CPU
		{0C8BA99C-FF04-4EFD-A854-7F8BAAC3DAE9}.Debug|Any CPU.Build.0 = Debug|Any CPU
		{0C8BA99C-FF04-4EFD-A854-7F8BAAC3DAE9}.Release|Any CPU.ActiveCfg = Release|Any CPU
		{0C8BA99C-FF04-4EFD-A854-7F8BAAC3DAE9}.Release|Any CPU.Build.0 = Release|Any CPU
		{4B63BDEC-44BD-46FD-AA47-653E07ED93BC}.Debug|Any CPU.ActiveCfg = Debug|Any CPU
		{4B63BDEC-44BD-46FD-AA47-653E07ED93BC}.Debug|Any CPU.Build.0 = Debug|Any CPU
		{4B63BDEC-44BD-46FD-AA47-653E07ED93BC}.Release|Any CPU.ActiveCfg = Release|Any CPU
		{4B63BDEC-44BD-46FD-AA47-653E07ED93BC}.Release|Any CPU.Build.0 = Release|Any CPU
		{5FFCB335-59C6-45E8-968C-B02ACF01DF36}.Debug|Any CPU.ActiveCfg = Debug|Any CPU
		{5FFCB335-59C6-45E8-968C-B02ACF01DF36}.Debug|Any CPU.Build.0 = Debug|Any CPU
		{5FFCB335-59C6-45E8-968C-B02ACF01DF36}.Release|Any CPU.ActiveCfg = Release|Any CPU
		{5FFCB335-59C6-45E8-968C-B02ACF01DF36}.Release|Any CPU.Build.0 = Release|Any CPU
		{F514BBA7-6744-47E1-BA27-45126A35C430}.Debug|Any CPU.ActiveCfg = Debug|Any CPU
		{F514BBA7-6744-47E1-BA27-45126A35C430}.Debug|Any CPU.Build.0 = Debug|Any CPU
		{F514BBA7-6744-47E1-BA27-45126A35C430}.Release|Any CPU.ActiveCfg = Release|Any CPU
		{F514BBA7-6744-47E1-BA27-45126A35C430}.Release|Any CPU.Build.0 = Release|Any CPU
	EndGlobalSection
	GlobalSection(SolutionProperties) = preSolution
		HideSolutionNode = FALSE
	EndGlobalSection
	GlobalSection(ExtensibilityGlobals) = postSolution
		SolutionGuid = {266191FE-DFE7-48E8-92FD-F8A523A92AF6}
	EndGlobalSection
EndGlobal
